
Microsoft Visual Studio Solution File, Format Version 12.00
# Visual Studio Version 17
VisualStudioVersion = 17.11.35219.272
MinimumVisualStudioVersion = 10.0.40219.1
Project("{FAE04EC0-301F-11D3-BF4B-00C04F79EFBC}") = "Kara Crumpton - CPT 185 - Lab 6 - Driver's License", "Kara Crumpton - CPT 185 - Lab 6 - Driver's License.csproj", "{603E6BFA-17E3-4A35-A586-D8C32DF03486}"
EndProject
Global
	GlobalSection(SolutionConfigurationPlatforms) = preSolution
		Debug|Any CPU = Debug|Any CPU
		Release|Any CPU = Release|Any CPU
	EndGlobalSection
	GlobalSection(ProjectConfigurationPlatforms) = postSolution
		{603E6BFA-17E3-4A35-A586-D8C32DF03486}.Debug|Any CPU.ActiveCfg = Debug|Any CPU
		{603E6BFA-17E3-4A35-A586-D8C32DF03486}.Debug|Any CPU.Build.0 = Debug|Any CPU
		{603E6BFA-17E3-4A35-A586-D8C32DF03486}.Release|Any CPU.ActiveCfg = Release|Any CPU
		{603E6BFA-17E3-4A35-A586-D8C32DF03486}.Release|Any CPU.Build.0 = Release|Any CPU
	EndGlobalSection
	GlobalSection(SolutionProperties) = preSolution
		HideSolutionNode = FALSE
	EndGlobalSection
	GlobalSection(ExtensibilityGlobals) = postSolution
		SolutionGuid = {DB247CD8-9F93-45C4-9F24-030E9DC08711}
	EndGlobalSection
EndGlobal
