
Microsoft Visual Studio Solution File, Format Version 12.00
# Visual Studio Version 17
VisualStudioVersion = 17.11.35219.272
MinimumVisualStudioVersion = 10.0.40219.1
Project("{FAE04EC0-301F-11D3-BF4B-00C04F79EFBC}") = "Horror Draft", "Horror Draft.csproj", "{EA1449A6-99F0-4052-AE0F-E37C767D0AB4}"
EndProject
Project("{2150E333-8FDC-42A3-9474-1A3956D46DE8}") = "Solution Items", "Solution Items", "{9649C453-DFC4-422A-8A9E-51248FDBC214}"
	ProjectSection(SolutionItems) = preProject
		Resources\CHILLER.TTF = Resources\CHILLER.TTF
		bin\Debug\HorrorDraftRules.docx = bin\Debug\HorrorDraftRules.docx
		Resources\Kruger-Reguler.ttf = Resources\Kruger-Reguler.ttf
	EndProjectSection
EndProject
Global
	GlobalSection(SolutionConfigurationPlatforms) = preSolution
		Debug|Any CPU = Debug|Any CPU
		Release|Any CPU = Release|Any CPU
	EndGlobalSection
	GlobalSection(ProjectConfigurationPlatforms) = postSolution
		{EA1449A6-99F0-4052-AE0F-E37C767D0AB4}.Debug|Any CPU.ActiveCfg = Debug|Any CPU
		{EA1449A6-99F0-4052-AE0F-E37C767D0AB4}.Debug|Any CPU.Build.0 = Debug|Any CPU
		{EA1449A6-99F0-4052-AE0F-E37C767D0AB4}.Release|Any CPU.ActiveCfg = Release|Any CPU
		{EA1449A6-99F0-4052-AE0F-E37C767D0AB4}.Release|Any CPU.Build.0 = Release|Any CPU
	EndGlobalSection
	GlobalSection(SolutionProperties) = preSolution
		HideSolutionNode = FALSE
	EndGlobalSection
	GlobalSection(ExtensibilityGlobals) = postSolution
		SolutionGuid = {14ADEA6D-AB90-4477-BCAE-34DA38ACF7B8}
	EndGlobalSection
EndGlobal
